
Microsoft Visual Studio Solution File, Format Version 12.00
# Visual Studio Version 17
VisualStudioVersion = 17.11.35303.130
MinimumVisualStudioVersion = 10.0.40219.1
Project("{FAE04EC0-301F-11D3-BF4B-00C04F79EFBC}") = "Autenticacion", "Autenticacion.csproj", "{7AE5EB66-7BE8-4A6A-AEB1-D2FB04A5B694}"
EndProject
Global
	GlobalSection(SolutionConfigurationPlatforms) = preSolution
		Debug|Any CPU = Debug|Any CPU
		Release|Any CPU = Release|Any CPU
	EndGlobalSection
	GlobalSection(ProjectConfigurationPlatforms) = postSolution
		{7AE5EB66-7BE8-4A6A-AEB1-D2FB04A5B694}.Debug|Any CPU.ActiveCfg = Debug|Any CPU
		{7AE5EB66-7BE8-4A6A-AEB1-D2FB04A5B694}.Debug|Any CPU.Build.0 = Debug|Any CPU
		{7AE5EB66-7BE8-4A6A-AEB1-D2FB04A5B694}.Release|Any CPU.ActiveCfg = Release|Any CPU
		{7AE5EB66-7BE8-4A6A-AEB1-D2FB04A5B694}.Release|Any CPU.Build.0 = Release|Any CPU
	EndGlobalSection
	GlobalSection(SolutionProperties) = preSolution
		HideSolutionNode = FALSE
	EndGlobalSection
	GlobalSection(ExtensibilityGlobals) = postSolution
		SolutionGuid = {8342AB35-4A4A-43FC-83C8-61487E34CCDE}
	EndGlobalSection
EndGlobal
